
Microsoft Visual Studio Solution File, Format Version 12.00
# Visual Studio 15
VisualStudioVersion = 15.0.28307.572
MinimumVisualStudioVersion = 10.0.40219.1
Project("{FAE04EC0-301F-11D3-BF4B-00C04F79EFBC}") = "Lands.Android", "Lands\Lands.Android\Lands.Android.csproj", "{F801259A-4DA5-4D79-B5D4-97D0F3B9AB51}"
EndProject
Project("{FAE04EC0-301F-11D3-BF4B-00C04F79EFBC}") = "Lands.iOS", "Lands\Lands.iOS\Lands.iOS.csproj", "{8C5E04AA-22DC-4A08-9943-9189D30F7341}"
EndProject
Project("{FAE04EC0-301F-11D3-BF4B-00C04F79EFBC}") = "Lands", "Lands\Lands\Lands.csproj", "{2D1AE319-A666-47C9-8613-2C04BAD8ACFE}"
EndProject
Global
	GlobalSection(SolutionConfigurationPlatforms) = preSolution
		Ad-Hoc|Any CPU = Ad-Hoc|Any CPU
		Ad-Hoc|iPhone = Ad-Hoc|iPhone
		Ad-Hoc|iPhoneSimulator = Ad-Hoc|iPhoneSimulator
		AppStore|Any CPU = AppStore|Any CPU
		AppStore|iPhone = AppStore|iPhone
		AppStore|iPhoneSimulator = AppStore|iPhoneSimulator
		Debug|Any CPU = Debug|Any CPU
		Debug|iPhone = Debug|iPhone
		Debug|iPhoneSimulator = Debug|iPhoneSimulator
		Release|Any CPU = Release|Any CPU
		Release|iPhone = Release|iPhone
		Release|iPhoneSimulator = Release|iPhoneSimulator
	EndGlobalSection
	GlobalSection(ProjectConfigurationPlatforms) = postSolution
		{F801259A-4DA5-4D79-B5D4-97D0F3B9AB51}.Ad-Hoc|Any CPU.ActiveCfg = Release|Any CPU
		{F801259A-4DA5-4D79-B5D4-97D0F3B9AB51}.Ad-Hoc|Any CPU.Build.0 = Release|Any CPU
		{F801259A-4DA5-4D79-B5D4-97D0F3B9AB51}.Ad-Hoc|Any CPU.Deploy.0 = Release|Any CPU
		{F801259A-4DA5-4D79-B5D4-97D0F3B9AB51}.Ad-Hoc|iPhone.ActiveCfg = Release|Any CPU
		{F801259A-4DA5-4D79-B5D4-97D0F3B9AB51}.Ad-Hoc|iPhone.Build.0 = Release|Any CPU
		{F801259A-4DA5-4D79-B5D4-97D0F3B9AB51}.Ad-Hoc|iPhone.Deploy.0 = Release|Any CPU
		{F801259A-4DA5-4D79-B5D4-97D0F3B9AB51}.Ad-Hoc|iPhoneSimulator.ActiveCfg = Release|Any CPU
		{F801259A-4DA5-4D79-B5D4-97D0F3B9AB51}.Ad-Hoc|iPhoneSimulator.Build.0 = Release|Any CPU
		{F801259A-4DA5-4D79-B5D4-97D0F3B9AB51}.Ad-Hoc|iPhoneSimulator.Deploy.0 = Release|Any CPU
		{F801259A-4DA5-4D79-B5D4-97D0F3B9AB51}.AppStore|Any CPU.ActiveCfg = Release|Any CPU
		{F801259A-4DA5-4D79-B5D4-97D0F3B9AB51}.AppStore|Any CPU.Build.0 = Release|Any CPU
		{F801259A-4DA5-4D79-B5D4-97D0F3B9AB51}.AppStore|Any CPU.Deploy.0 = Release|Any CPU
		{F801259A-4DA5-4D79-B5D4-97D0F3B9AB51}.AppStore|iPhone.ActiveCfg = Release|Any CPU
		{F801259A-4DA5-4D79-B5D4-97D0F3B9AB51}.AppStore|iPhone.Build.0 = Release|Any CPU
		{F801259A-4DA5-4D79-B5D4-97D0F3B9AB51}.AppStore|iPhone.Deploy.0 = Release|Any CPU
		{F801259A-4DA5-4D79-B5D4-97D0F3B9AB51}.AppStore|iPhoneSimulator.ActiveCfg = Release|Any CPU
		{F801259A-4DA5-4D79-B5D4-97D0F3B9AB51}.AppStore|iPhoneSimulator.Build.0 = Release|Any CPU
		{F801259A-4DA5-4D79-B5D4-97D0F3B9AB51}.AppStore|iPhoneSimulator.Deploy.0 = Release|Any CPU
		{F801259A-4DA5-4D79-B5D4-97D0F3B9AB51}.Debug|Any CPU.ActiveCfg = Debug|Any CPU
		{F801259A-4DA5-4D79-B5D4-97D0F3B9AB51}.Debug|Any CPU.Build.0 = Debug|Any CPU
		{F801259A-4DA5-4D79-B5D4-97D0F3B9AB51}.Debug|Any CPU.Deploy.0 = Debug|Any CPU
		{F801259A-4DA5-4D79-B5D4-97D0F3B9AB51}.Debug|iPhone.ActiveCfg = Debug|Any CPU
		{F801259A-4DA5-4D79-B5D4-97D0F3B9AB51}.Debug|iPhone.Build.0 = Debug|Any CPU
		{F801259A-4DA5-4D79-B5D4-97D0F3B9AB51}.Debug|iPhone.Deploy.0 = Debug|Any CPU
		{F801259A-4DA5-4D79-B5D4-97D0F3B9AB51}.Debug|iPhoneSimulator.ActiveCfg = Debug|Any CPU
		{F801259A-4DA5-4D79-B5D4-97D0F3B9AB51}.Debug|iPhoneSimulator.Build.0 = Debug|Any CPU
		{F801259A-4DA5-4D79-B5D4-97D0F3B9AB51}.Debug|iPhoneSimulator.Deploy.0 = Debug|Any CPU
		{F801259A-4DA5-4D79-B5D4-97D0F3B9AB51}.Release|Any CPU.ActiveCfg = Release|Any CPU
		{F801259A-4DA5-4D79-B5D4-97D0F3B9AB51}.Release|Any CPU.Build.0 = Release|Any CPU
		{F801259A-4DA5-4D79-B5D4-97D0F3B9AB51}.Release|Any CPU.Deploy.0 = Release|Any CPU
		{F801259A-4DA5-4D79-B5D4-97D0F3B9AB51}.Release|iPhone.ActiveCfg = Release|Any CPU
		{F801259A-4DA5-4D79-B5D4-97D0F3B9AB51}.Release|iPhone.Build.0 = Release|Any CPU
		{F801259A-4DA5-4D79-B5D4-97D0F3B9AB51}.Release|iPhone.Deploy.0 = Release|Any CPU
		{F801259A-4DA5-4D79-B5D4-97D0F3B9AB51}.Release|iPhoneSimulator.ActiveCfg = Release|Any CPU
		{F801259A-4DA5-4D79-B5D4-97D0F3B9AB51}.Release|iPhoneSimulator.Build.0 = Release|Any CPU
		{F801259A-4DA5-4D79-B5D4-97D0F3B9AB51}.Release|iPhoneSimulator.Deploy.0 = Release|Any CPU
		{8C5E04AA-22DC-4A08-9943-9189D30F7341}.Ad-Hoc|Any CPU.ActiveCfg = Ad-Hoc|iPhone
		{8C5E04AA-22DC-4A08-9943-9189D30F7341}.Ad-Hoc|Any CPU.Build.0 = Ad-Hoc|iPhone
		{8C5E04AA-22DC-4A08-9943-9189D30F7341}.Ad-Hoc|Any CPU.Deploy.0 = Ad-Hoc|iPhone
		{8C5E04AA-22DC-4A08-9943-9189D30F7341}.Ad-Hoc|iPhone.ActiveCfg = Ad-Hoc|iPhone
		{8C5E04AA-22DC-4A08-9943-9189D30F7341}.Ad-Hoc|iPhone.Build.0 = Ad-Hoc|iPhone
		{8C5E04AA-22DC-4A08-9943-9189D30F7341}.Ad-Hoc|iPhone.Deploy.0 = Ad-Hoc|iPhone
		{8C5E04AA-22DC-4A08-9943-9189D30F7341}.Ad-Hoc|iPhoneSimulator.ActiveCfg = Ad-Hoc|iPhoneSimulator
		{8C5E04AA-22DC-4A08-9943-9189D30F7341}.Ad-Hoc|iPhoneSimulator.Build.0 = Ad-Hoc|iPhoneSimulator
		{8C5E04AA-22DC-4A08-9943-9189D30F7341}.Ad-Hoc|iPhoneSimulator.Deploy.0 = Ad-Hoc|iPhoneSimulator
		{8C5E04AA-22DC-4A08-9943-9189D30F7341}.AppStore|Any CPU.ActiveCfg = AppStore|iPhone
		{8C5E04AA-22DC-4A08-9943-9189D30F7341}.AppStore|Any CPU.Build.0 = AppStore|iPhone
		{8C5E04AA-22DC-4A08-9943-9189D30F7341}.AppStore|Any CPU.Deploy.0 = AppStore|iPhone
		{8C5E04AA-22DC-4A08-9943-9189D30F7341}.AppStore|iPhone.ActiveCfg = AppStore|iPhone
		{8C5E04AA-22DC-4A08-9943-9189D30F7341}.AppStore|iPhone.Build.0 = AppStore|iPhone
		{8C5E04AA-22DC-4A08-9943-9189D30F7341}.AppStore|iPhone.Deploy.0 = AppStore|iPhone
		{8C5E04AA-22DC-4A08-9943-9189D30F7341}.AppStore|iPhoneSimulator.ActiveCfg = AppStore|iPhoneSimulator
		{8C5E04AA-22DC-4A08-9943-9189D30F7341}.AppStore|iPhoneSimulator.Build.0 = AppStore|iPhoneSimulator
		{8C5E04AA-22DC-4A08-9943-9189D30F7341}.AppStore|iPhoneSimulator.Deploy.0 = AppStore|iPhoneSimulator
		{8C5E04AA-22DC-4A08-9943-9189D30F7341}.Debug|Any CPU.ActiveCfg = Debug|iPhoneSimulator
		{8C5E04AA-22DC-4A08-9943-9189D30F7341}.Debug|Any CPU.Build.0 = Debug|iPhoneSimulator
		{8C5E04AA-22DC-4A08-9943-9189D30F7341}.Debug|Any CPU.Deploy.0 = Debug|iPhoneSimulator
		{8C5E04AA-22DC-4A08-9943-9189D30F7341}.Debug|iPhone.ActiveCfg = Debug|iPhone
		{8C5E04AA-22DC-4A08-9943-9189D30F7341}.Debug|iPhone.Build.0 = Debug|iPhone
		{8C5E04AA-22DC-4A08-9943-9189D30F7341}.Debug|iPhone.Deploy.0 = Debug|iPhone
		{8C5E04AA-22DC-4A08-9943-9189D30F7341}.Debug|iPhoneSimulator.ActiveCfg = Debug|iPhoneSimulator
		{8C5E04AA-22DC-4A08-9943-9189D30F7341}.Debug|iPhoneSimulator.Build.0 = Debug|iPhoneSimulator
		{8C5E04AA-22DC-4A08-9943-9189D30F7341}.Debug|iPhoneSimulator.Deploy.0 = Debug|iPhoneSimulator
		{8C5E04AA-22DC-4A08-9943-9189D30F7341}.Release|Any CPU.ActiveCfg = Release|iPhone
		{8C5E04AA-22DC-4A08-9943-9189D30F7341}.Release|Any CPU.Build.0 = Release|iPhone
		{8C5E04AA-22DC-4A08-9943-9189D30F7341}.Release|Any CPU.Deploy.0 = Release|iPhone
		{8C5E04AA-22DC-4A08-9943-9189D30F7341}.Release|iPhone.ActiveCfg = Release|iPhone
		{8C5E04AA-22DC-4A08-9943-9189D30F7341}.Release|iPhone.Build.0 = Release|iPhone
		{8C5E04AA-22DC-4A08-9943-9189D30F7341}.Release|iPhone.Deploy.0 = Release|iPhone
		{8C5E04AA-22DC-4A08-9943-9189D30F7341}.Release|iPhoneSimulator.ActiveCfg = Release|iPhoneSimulator
		{8C5E04AA-22DC-4A08-9943-9189D30F7341}.Release|iPhoneSimulator.Build.0 = Release|iPhoneSimulator
		{8C5E04AA-22DC-4A08-9943-9189D30F7341}.Release|iPhoneSimulator.Deploy.0 = Release|iPhoneSimulator
		{2D1AE319-A666-47C9-8613-2C04BAD8ACFE}.Ad-Hoc|Any CPU.ActiveCfg = Debug|Any CPU
		{2D1AE319-A666-47C9-8613-2C04BAD8ACFE}.Ad-Hoc|Any CPU.Build.0 = Debug|Any CPU
		{2D1AE319-A666-47C9-8613-2C04BAD8ACFE}.Ad-Hoc|Any CPU.Deploy.0 = Debug|Any CPU
		{2D1AE319-A666-47C9-8613-2C04BAD8ACFE}.Ad-Hoc|iPhone.ActiveCfg = Debug|Any CPU
		{2D1AE319-A666-47C9-8613-2C04BAD8ACFE}.Ad-Hoc|iPhone.Build.0 = Debug|Any CPU
		{2D1AE319-A666-47C9-8613-2C04BAD8ACFE}.Ad-Hoc|iPhone.Deploy.0 = Debug|Any CPU
		{2D1AE319-A666-47C9-8613-2C04BAD8ACFE}.Ad-Hoc|iPhoneSimulator.ActiveCfg = Debug|Any CPU
		{2D1AE319-A666-47C9-8613-2C04BAD8ACFE}.Ad-Hoc|iPhoneSimulator.Build.0 = Debug|Any CPU
		{2D1AE319-A666-47C9-8613-2C04BAD8ACFE}.Ad-Hoc|iPhoneSimulator.Deploy.0 = Debug|Any CPU
		{2D1AE319-A666-47C9-8613-2C04BAD8ACFE}.AppStore|Any CPU.ActiveCfg = Debug|Any CPU
		{2D1AE319-A666-47C9-8613-2C04BAD8ACFE}.AppStore|Any CPU.Build.0 = Debug|Any CPU
		{2D1AE319-A666-47C9-8613-2C04BAD8ACFE}.AppStore|Any CPU.Deploy.0 = Debug|Any CPU
		{2D1AE319-A666-47C9-8613-2C04BAD8ACFE}.AppStore|iPhone.ActiveCfg = Debug|Any CPU
		{2D1AE319-A666-47C9-8613-2C04BAD8ACFE}.AppStore|iPhone.Build.0 = Debug|Any CPU
		{2D1AE319-A666-47C9-8613-2C04BAD8ACFE}.AppStore|iPhone.Deploy.0 = Debug|Any CPU
		{2D1AE319-A666-47C9-8613-2C04BAD8ACFE}.AppStore|iPhoneSimulator.ActiveCfg = Debug|Any CPU
		{2D1AE319-A666-47C9-8613-2C04BAD8ACFE}.AppStore|iPhoneSimulator.Build.0 = Debug|Any CPU
		{2D1AE319-A666-47C9-8613-2C04BAD8ACFE}.AppStore|iPhoneSimulator.Deploy.0 = Debug|Any CPU
		{2D1AE319-A666-47C9-8613-2C04BAD8ACFE}.Debug|Any CPU.ActiveCfg = Debug|Any CPU
		{2D1AE319-A666-47C9-8613-2C04BAD8ACFE}.Debug|Any CPU.Build.0 = Debug|Any CPU
		{2D1AE319-A666-47C9-8613-2C04BAD8ACFE}.Debug|Any CPU.Deploy.0 = Debug|Any CPU
		{2D1AE319-A666-47C9-8613-2C04BAD8ACFE}.Debug|iPhone.ActiveCfg = Debug|Any CPU
		{2D1AE319-A666-47C9-8613-2C04BAD8ACFE}.Debug|iPhone.Build.0 = Debug|Any CPU
		{2D1AE319-A666-47C9-8613-2C04BAD8ACFE}.Debug|iPhone.Deploy.0 = Debug|Any CPU
		{2D1AE319-A666-47C9-8613-2C04BAD8ACFE}.Debug|iPhoneSimulator.ActiveCfg = Debug|Any CPU
		{2D1AE319-A666-47C9-8613-2C04BAD8ACFE}.Debug|iPhoneSimulator.Build.0 = Debug|Any CPU
		{2D1AE319-A666-47C9-8613-2C04BAD8ACFE}.Debug|iPhoneSimulator.Deploy.0 = Debug|Any CPU
		{2D1AE319-A666-47C9-8613-2C04BAD8ACFE}.Release|Any CPU.ActiveCfg = Release|Any CPU
		{2D1AE319-A666-47C9-8613-2C04BAD8ACFE}.Release|Any CPU.Build.0 = Release|Any CPU
		{2D1AE319-A666-47C9-8613-2C04BAD8ACFE}.Release|Any CPU.Deploy.0 = Release|Any CPU
		{2D1AE319-A666-47C9-8613-2C04BAD8ACFE}.Release|iPhone.ActiveCfg = Release|Any CPU
		{2D1AE319-A666-47C9-8613-2C04BAD8ACFE}.Release|iPhone.Build.0 = Release|Any CPU
		{2D1AE319-A666-47C9-8613-2C04BAD8ACFE}.Release|iPhone.Deploy.0 = Release|Any CPU
		{2D1AE319-A666-47C9-8613-2C04BAD8ACFE}.Release|iPhoneSimulator.ActiveCfg = Release|Any CPU
		{2D1AE319-A666-47C9-8613-2C04BAD8ACFE}.Release|iPhoneSimulator.Build.0 = Release|Any CPU
		{2D1AE319-A666-47C9-8613-2C04BAD8ACFE}.Release|iPhoneSimulator.Deploy.0 = Release|Any CPU
	EndGlobalSection
	GlobalSection(SolutionProperties) = preSolution
		HideSolutionNode = FALSE
	EndGlobalSection
	GlobalSection(ExtensibilityGlobals) = postSolution
		SolutionGuid = {0D3C8422-7F71-4CDA-93D3-55FD67D9EBA4}
	EndGlobalSection
EndGlobal
